
Microsoft Visual Studio Solution File, Format Version 12.00
# Visual Studio Version 17
VisualStudioVersion = 17.14.36623.8
MinimumVisualStudioVersion = 10.0.40219.1
Project("{FAE04EC0-301F-11D3-BF4B-00C04F79EFBC}") = "KerberosServer", "KerberosServer\KerberosServer.csproj", "{2BC6858B-DFBF-44AF-A392-20469A2DE592}"
EndProject
Project("{FAE04EC0-301F-11D3-BF4B-00C04F79EFBC}") = "Client", "Client\Client.csproj", "{358DEAF5-DE96-46C0-88BC-23E619420E27}"
EndProject
Project("{FAE04EC0-301F-11D3-BF4B-00C04F79EFBC}") = "ClientBob", "ClientBob\ClientBob.csproj", "{9B406CCC-CE16-464F-A75F-1D54C0EE274D}"
EndProject
Project("{FAE04EC0-301F-11D3-BF4B-00C04F79EFBC}") = "ClientEve", "ClientEve\ClientEve.csproj", "{213A454F-C06E-44DE-9CB9-AC5F5B808948}"
EndProject
Global
	GlobalSection(SolutionConfigurationPlatforms) = preSolution
		Debug|Any CPU = Debug|Any CPU
		Release|Any CPU = Release|Any CPU
	EndGlobalSection
	GlobalSection(ProjectConfigurationPlatforms) = postSolution
		{2BC6858B-DFBF-44AF-A392-20469A2DE592}.Debug|Any CPU.ActiveCfg = Debug|Any CPU
		{2BC6858B-DFBF-44AF-A392-20469A2DE592}.Debug|Any CPU.Build.0 = Debug|Any CPU
		{2BC6858B-DFBF-44AF-A392-20469A2DE592}.Release|Any CPU.ActiveCfg = Release|Any CPU
		{2BC6858B-DFBF-44AF-A392-20469A2DE592}.Release|Any CPU.Build.0 = Release|Any CPU
		{358DEAF5-DE96-46C0-88BC-23E619420E27}.Debug|Any CPU.ActiveCfg = Debug|Any CPU
		{358DEAF5-DE96-46C0-88BC-23E619420E27}.Debug|Any CPU.Build.0 = Debug|Any CPU
		{358DEAF5-DE96-46C0-88BC-23E619420E27}.Release|Any CPU.ActiveCfg = Release|Any CPU
		{358DEAF5-DE96-46C0-88BC-23E619420E27}.Release|Any CPU.Build.0 = Release|Any CPU
		{9B406CCC-CE16-464F-A75F-1D54C0EE274D}.Debug|Any CPU.ActiveCfg = Debug|Any CPU
		{9B406CCC-CE16-464F-A75F-1D54C0EE274D}.Debug|Any CPU.Build.0 = Debug|Any CPU
		{9B406CCC-CE16-464F-A75F-1D54C0EE274D}.Release|Any CPU.ActiveCfg = Release|Any CPU
		{9B406CCC-CE16-464F-A75F-1D54C0EE274D}.Release|Any CPU.Build.0 = Release|Any CPU
		{213A454F-C06E-44DE-9CB9-AC5F5B808948}.Debug|Any CPU.ActiveCfg = Debug|Any CPU
		{213A454F-C06E-44DE-9CB9-AC5F5B808948}.Debug|Any CPU.Build.0 = Debug|Any CPU
		{213A454F-C06E-44DE-9CB9-AC5F5B808948}.Release|Any CPU.ActiveCfg = Release|Any CPU
		{213A454F-C06E-44DE-9CB9-AC5F5B808948}.Release|Any CPU.Build.0 = Release|Any CPU
	EndGlobalSection
	GlobalSection(SolutionProperties) = preSolution
		HideSolutionNode = FALSE
	EndGlobalSection
	GlobalSection(ExtensibilityGlobals) = postSolution
		SolutionGuid = {EC87EAA0-E9F2-49FA-B17C-D1CBAB6998E0}
	EndGlobalSection
EndGlobal
